// !$*UTF8*$!
{
	archiveVersion = 1;
	classes = {
	};
	objectVersion = 56;
	objects = {

/* Begin PBXBuildFile section */
		5F33206D2902A984006B989F /* MainView.swift in Sources */ = {isa = PBXBuildFile; fileRef = 5F33206C2902A984006B989F /* MainView.swift */; };
		5F33206F2902A992006B989F /* MainViewModel.swift in Sources */ = {isa = PBXBuildFile; fileRef = 5F33206E2902A992006B989F /* MainViewModel.swift */; };
		5F3320722902A9AE006B989F /* ExampleModel.swift in Sources */ = {isa = PBXBuildFile; fileRef = 5F3320712902A9AE006B989F /* ExampleModel.swift */; };
		5F3320752902AAC5006B989F /* ExtentionExample.swift in Sources */ = {isa = PBXBuildFile; fileRef = 5F3320742902AAC5006B989F /* ExtentionExample.swift */; };
		5F3320782902AAE3006B989F /* ManagerExample.swift in Sources */ = {isa = PBXBuildFile; fileRef = 5F3320772902AAE3006B989F /* ManagerExample.swift */; };
		5F5F0E58290E6CFC0091CEB6 /* Font+.swift in Sources */ = {isa = PBXBuildFile; fileRef = 5F5F0E57290E6CFC0091CEB6 /* Font+.swift */; };
		5F5F0E5A290E6D710091CEB6 /* SF-Pro.ttf in Resources */ = {isa = PBXBuildFile; fileRef = 5F5F0E56290E6CF10091CEB6 /* SF-Pro.ttf */; };
		5F5F0E5C290E6F330091CEB6 /* Ansungtangmyun-ESG.otf in Resources */ = {isa = PBXBuildFile; fileRef = 5F5F0E5B290E6F330091CEB6 /* Ansungtangmyun-ESG.otf */; };
		5F5F0E5E290E72BA0091CEB6 /* File.swift in Sources */ = {isa = PBXBuildFile; fileRef = 5F5F0E5D290E72BA0091CEB6 /* File.swift */; };
		5F6A48EA28FA764A004CD7C0 /* WeHereApp.swift in Sources */ = {isa = PBXBuildFile; fileRef = 5F6A48E928FA764A004CD7C0 /* WeHereApp.swift */; };
		5F6A48EC28FA764A004CD7C0 /* ContentView.swift in Sources */ = {isa = PBXBuildFile; fileRef = 5F6A48EB28FA764A004CD7C0 /* ContentView.swift */; };
		5F6A48EE28FA764B004CD7C0 /* Assets.xcassets in Resources */ = {isa = PBXBuildFile; fileRef = 5F6A48ED28FA764B004CD7C0 /* Assets.xcassets */; };
		5F6A48F128FA764B004CD7C0 /* Preview Assets.xcassets in Resources */ = {isa = PBXBuildFile; fileRef = 5F6A48F028FA764B004CD7C0 /* Preview Assets.xcassets */; };
		5F7D4A8A28FC642B00FFF083 /* GoogleService-Info.plist in Resources */ = {isa = PBXBuildFile; fileRef = 5F7D4A8928FC642B00FFF083 /* GoogleService-Info.plist */; };
		5F7D4A8D28FC660C00FFF083 /* FirebaseAnalytics in Frameworks */ = {isa = PBXBuildFile; productRef = 5F7D4A8C28FC660C00FFF083 /* FirebaseAnalytics */; };
		5F7D4A8F28FC660C00FFF083 /* FirebaseAppDistribution-Beta in Frameworks */ = {isa = PBXBuildFile; productRef = 5F7D4A8E28FC660C00FFF083 /* FirebaseAppDistribution-Beta */; };
		5F7D4A9128FC660C00FFF083 /* FirebaseAuth in Frameworks */ = {isa = PBXBuildFile; productRef = 5F7D4A9028FC660C00FFF083 /* FirebaseAuth */; };
		5F7D4A9328FC660C00FFF083 /* FirebaseDynamicLinks in Frameworks */ = {isa = PBXBuildFile; productRef = 5F7D4A9228FC660C00FFF083 /* FirebaseDynamicLinks */; };
		5F7D4A9528FC660C00FFF083 /* FirebaseFirestore in Frameworks */ = {isa = PBXBuildFile; productRef = 5F7D4A9428FC660C00FFF083 /* FirebaseFirestore */; };
		5F7D4A9728FC660C00FFF083 /* FirebaseInAppMessaging-Beta in Frameworks */ = {isa = PBXBuildFile; productRef = 5F7D4A9628FC660C00FFF083 /* FirebaseInAppMessaging-Beta */; };
		5F7D4A9928FC660C00FFF083 /* FirebaseMessaging in Frameworks */ = {isa = PBXBuildFile; productRef = 5F7D4A9828FC660C00FFF083 /* FirebaseMessaging */; };
/* End PBXBuildFile section */

/* Begin PBXFileReference section */
		5F33206C2902A984006B989F /* MainView.swift */ = {isa = PBXFileReference; lastKnownFileType = sourcecode.swift; path = MainView.swift; sourceTree = "<group>"; };
		5F33206E2902A992006B989F /* MainViewModel.swift */ = {isa = PBXFileReference; lastKnownFileType = sourcecode.swift; path = MainViewModel.swift; sourceTree = "<group>"; };
		5F3320712902A9AE006B989F /* ExampleModel.swift */ = {isa = PBXFileReference; lastKnownFileType = sourcecode.swift; path = ExampleModel.swift; sourceTree = "<group>"; };
		5F3320742902AAC5006B989F /* ExtentionExample.swift */ = {isa = PBXFileReference; lastKnownFileType = sourcecode.swift; path = ExtentionExample.swift; sourceTree = "<group>"; };
		5F3320772902AAE3006B989F /* ManagerExample.swift */ = {isa = PBXFileReference; lastKnownFileType = sourcecode.swift; path = ManagerExample.swift; sourceTree = "<group>"; };
		5F5F0E56290E6CF10091CEB6 /* SF-Pro.ttf */ = {isa = PBXFileReference; lastKnownFileType = file; path = "SF-Pro.ttf"; sourceTree = "<group>"; };
		5F5F0E57290E6CFC0091CEB6 /* Font+.swift */ = {isa = PBXFileReference; lastKnownFileType = sourcecode.swift; path = "Font+.swift"; sourceTree = "<group>"; };
		5F5F0E59290E6D2D0091CEB6 /* Info.plist */ = {isa = PBXFileReference; lastKnownFileType = text.plist; path = Info.plist; sourceTree = "<group>"; };
		5F5F0E5B290E6F330091CEB6 /* Ansungtangmyun-ESG.otf */ = {isa = PBXFileReference; lastKnownFileType = file; path = "Ansungtangmyun-ESG.otf"; sourceTree = "<group>"; };
		5F5F0E5D290E72BA0091CEB6 /* File.swift */ = {isa = PBXFileReference; lastKnownFileType = sourcecode.swift; path = File.swift; sourceTree = "<group>"; };
		5F6A48E628FA764A004CD7C0 /* WeHere.app */ = {isa = PBXFileReference; explicitFileType = wrapper.application; includeInIndex = 0; path = WeHere.app; sourceTree = BUILT_PRODUCTS_DIR; };
		5F6A48E928FA764A004CD7C0 /* WeHereApp.swift */ = {isa = PBXFileReference; lastKnownFileType = sourcecode.swift; path = WeHereApp.swift; sourceTree = "<group>"; };
		5F6A48EB28FA764A004CD7C0 /* ContentView.swift */ = {isa = PBXFileReference; lastKnownFileType = sourcecode.swift; path = ContentView.swift; sourceTree = "<group>"; };
		5F6A48ED28FA764B004CD7C0 /* Assets.xcassets */ = {isa = PBXFileReference; lastKnownFileType = folder.assetcatalog; path = Assets.xcassets; sourceTree = "<group>"; };
		5F6A48F028FA764B004CD7C0 /* Preview Assets.xcassets */ = {isa = PBXFileReference; lastKnownFileType = folder.assetcatalog; path = "Preview Assets.xcassets"; sourceTree = "<group>"; };
		5F7D4A8928FC642B00FFF083 /* GoogleService-Info.plist */ = {isa = PBXFileReference; fileEncoding = 4; lastKnownFileType = text.plist.xml; name = "GoogleService-Info.plist"; path = "../../../../Downloads/GoogleService-Info.plist"; sourceTree = "<group>"; };
/* End PBXFileReference section */

/* Begin PBXFrameworksBuildPhase section */
		5F6A48E328FA764A004CD7C0 /* Frameworks */ = {
			isa = PBXFrameworksBuildPhase;
			buildActionMask = 2147483647;
			files = (
				5F7D4A8D28FC660C00FFF083 /* FirebaseAnalytics in Frameworks */,
				5F7D4A9128FC660C00FFF083 /* FirebaseAuth in Frameworks */,
				5F7D4A9928FC660C00FFF083 /* FirebaseMessaging in Frameworks */,
				5F7D4A8F28FC660C00FFF083 /* FirebaseAppDistribution-Beta in Frameworks */,
				5F7D4A9528FC660C00FFF083 /* FirebaseFirestore in Frameworks */,
				5F7D4A9328FC660C00FFF083 /* FirebaseDynamicLinks in Frameworks */,
				5F7D4A9728FC660C00FFF083 /* FirebaseInAppMessaging-Beta in Frameworks */,
			);
			runOnlyForDeploymentPostprocessing = 0;
		};
/* End PBXFrameworksBuildPhase section */

/* Begin PBXGroup section */
		5F33206A2902A963006B989F /* Views&ViewModels */ = {
			isa = PBXGroup;
			children = (
				5F33206B2902A974006B989F /* Main */,
			);
			path = "Views&ViewModels";
			sourceTree = "<group>";
		};
		5F33206B2902A974006B989F /* Main */ = {
			isa = PBXGroup;
			children = (
				5F33206C2902A984006B989F /* MainView.swift */,
				5F33206E2902A992006B989F /* MainViewModel.swift */,
			);
			path = Main;
			sourceTree = "<group>";
		};
		5F3320702902A997006B989F /* Models */ = {
			isa = PBXGroup;
			children = (
				5F3320712902A9AE006B989F /* ExampleModel.swift */,
			);
			path = Models;
			sourceTree = "<group>";
		};
		5F3320732902AAAA006B989F /* Extentions */ = {
			isa = PBXGroup;
			children = (
				5F3320742902AAC5006B989F /* ExtentionExample.swift */,
				5F5F0E57290E6CFC0091CEB6 /* Font+.swift */,
				5F5F0E5D290E72BA0091CEB6 /* File.swift */,
			);
			path = Extentions;
			sourceTree = "<group>";
		};
		5F3320762902AACE006B989F /* Managers */ = {
			isa = PBXGroup;
			children = (
				5F3320772902AAE3006B989F /* ManagerExample.swift */,
			);
			path = Managers;
			sourceTree = "<group>";
		};
		5F3320792902AAEC006B989F /* Fonts */ = {
			isa = PBXGroup;
			children = (
				5F5F0E5B290E6F330091CEB6 /* Ansungtangmyun-ESG.otf */,
				5F5F0E56290E6CF10091CEB6 /* SF-Pro.ttf */,
			);
			path = Fonts;
			sourceTree = "<group>";
		};
		5F6A48DD28FA764A004CD7C0 = {
			isa = PBXGroup;
			children = (
				5F6A48E828FA764A004CD7C0 /* WeHere */,
				5F6A48E728FA764A004CD7C0 /* Products */,
			);
			sourceTree = "<group>";
		};
		5F6A48E728FA764A004CD7C0 /* Products */ = {
			isa = PBXGroup;
			children = (
				5F6A48E628FA764A004CD7C0 /* WeHere.app */,
			);
			name = Products;
			sourceTree = "<group>";
		};
		5F6A48E828FA764A004CD7C0 /* WeHere */ = {
			isa = PBXGroup;
			children = (
				5F5F0E59290E6D2D0091CEB6 /* Info.plist */,
				5F3320792902AAEC006B989F /* Fonts */,
				5F3320762902AACE006B989F /* Managers */,
				5F3320732902AAAA006B989F /* Extentions */,
				5F3320702902A997006B989F /* Models */,
				5F33206A2902A963006B989F /* Views&ViewModels */,
				5F7D4A8928FC642B00FFF083 /* GoogleService-Info.plist */,
				5F6A48E928FA764A004CD7C0 /* WeHereApp.swift */,
				5F6A48EB28FA764A004CD7C0 /* ContentView.swift */,
				5F6A48ED28FA764B004CD7C0 /* Assets.xcassets */,
				5F6A48EF28FA764B004CD7C0 /* Preview Content */,
			);
			path = WeHere;
			sourceTree = "<group>";
		};
		5F6A48EF28FA764B004CD7C0 /* Preview Content */ = {
			isa = PBXGroup;
			children = (
				5F6A48F028FA764B004CD7C0 /* Preview Assets.xcassets */,
			);
			path = "Preview Content";
			sourceTree = "<group>";
		};
/* End PBXGroup section */

/* Begin PBXNativeTarget section */
		5F6A48E528FA764A004CD7C0 /* WeHere */ = {
			isa = PBXNativeTarget;
			buildConfigurationList = 5F6A48F428FA764B004CD7C0 /* Build configuration list for PBXNativeTarget "WeHere" */;
			buildPhases = (
				5F6A48E228FA764A004CD7C0 /* Sources */,
				5F6A48E328FA764A004CD7C0 /* Frameworks */,
				5F6A48E428FA764A004CD7C0 /* Resources */,
				5F7D4A8828FC54F000FFF083 /* SwiftLint */,
			);
			buildRules = (
			);
			dependencies = (
			);
			name = WeHere;
			packageProductDependencies = (
				5F7D4A8C28FC660C00FFF083 /* FirebaseAnalytics */,
				5F7D4A8E28FC660C00FFF083 /* FirebaseAppDistribution-Beta */,
				5F7D4A9028FC660C00FFF083 /* FirebaseAuth */,
				5F7D4A9228FC660C00FFF083 /* FirebaseDynamicLinks */,
				5F7D4A9428FC660C00FFF083 /* FirebaseFirestore */,
				5F7D4A9628FC660C00FFF083 /* FirebaseInAppMessaging-Beta */,
				5F7D4A9828FC660C00FFF083 /* FirebaseMessaging */,
			);
			productName = WeHere;
			productReference = 5F6A48E628FA764A004CD7C0 /* WeHere.app */;
			productType = "com.apple.product-type.application";
		};
/* End PBXNativeTarget section */

/* Begin PBXProject section */
		5F6A48DE28FA764A004CD7C0 /* Project object */ = {
			isa = PBXProject;
			attributes = {
				BuildIndependentTargetsInParallel = 1;
				LastSwiftUpdateCheck = 1400;
				LastUpgradeCheck = 1400;
				TargetAttributes = {
					5F6A48E528FA764A004CD7C0 = {
						CreatedOnToolsVersion = 14.0.1;
					};
				};
			};
			buildConfigurationList = 5F6A48E128FA764A004CD7C0 /* Build configuration list for PBXProject "WeHere" */;
			compatibilityVersion = "Xcode 14.0";
			developmentRegion = en;
			hasScannedForEncodings = 0;
			knownRegions = (
				en,
				Base,
			);
			mainGroup = 5F6A48DD28FA764A004CD7C0;
			packageReferences = (
				5F7D4A8B28FC660B00FFF083 /* XCRemoteSwiftPackageReference "firebase-ios-sdk" */,
			);
			productRefGroup = 5F6A48E728FA764A004CD7C0 /* Products */;
			projectDirPath = "";
			projectRoot = "";
			targets = (
				5F6A48E528FA764A004CD7C0 /* WeHere */,
			);
		};
/* End PBXProject section */

/* Begin PBXResourcesBuildPhase section */
		5F6A48E428FA764A004CD7C0 /* Resources */ = {
			isa = PBXResourcesBuildPhase;
			buildActionMask = 2147483647;
			files = (
				5F6A48F128FA764B004CD7C0 /* Preview Assets.xcassets in Resources */,
				5F5F0E5C290E6F330091CEB6 /* Ansungtangmyun-ESG.otf in Resources */,
				5F5F0E5A290E6D710091CEB6 /* SF-Pro.ttf in Resources */,
				5F6A48EE28FA764B004CD7C0 /* Assets.xcassets in Resources */,
				5F7D4A8A28FC642B00FFF083 /* GoogleService-Info.plist in Resources */,
			);
			runOnlyForDeploymentPostprocessing = 0;
		};
/* End PBXResourcesBuildPhase section */

/* Begin PBXShellScriptBuildPhase section */
		5F7D4A8828FC54F000FFF083 /* SwiftLint */ = {
			isa = PBXShellScriptBuildPhase;
			alwaysOutOfDate = 1;
			buildActionMask = 2147483647;
			files = (
			);
			inputFileListPaths = (
			);
			inputPaths = (
			);
			name = SwiftLint;
			outputFileListPaths = (
			);
			outputPaths = (
			);
			runOnlyForDeploymentPostprocessing = 0;
			shellPath = /bin/sh;
			shellScript = "if test -d \"/opt/homebrew/bin/\"; then\n  PATH=\"/opt/homebrew/bin/:${PATH}\"\nfi\n\nif test -d \"$HOME/.mint/bin\"; then\n  PATH=\"$HOME/.mint/bin:${PATH}\"\nfi\n\nexport PATH\n\nif which swiftlint >/dev/null; then\n  swiftlint\nelse\n  echo \"warning: SwiftLint not installed, run setup.sh (or download from https://github.com/realm/SwiftLint)\"\nfi\n";
		};
/* End PBXShellScriptBuildPhase section */

/* Begin PBXSourcesBuildPhase section */
		5F6A48E228FA764A004CD7C0 /* Sources */ = {
			isa = PBXSourcesBuildPhase;
			buildActionMask = 2147483647;
			files = (
				5F5F0E58290E6CFC0091CEB6 /* Font+.swift in Sources */,
				5F6A48EC28FA764A004CD7C0 /* ContentView.swift in Sources */,
				5F33206D2902A984006B989F /* MainView.swift in Sources */,
				5F6A48EA28FA764A004CD7C0 /* WeHereApp.swift in Sources */,
				5F3320782902AAE3006B989F /* ManagerExample.swift in Sources */,
				5F3320752902AAC5006B989F /* ExtentionExample.swift in Sources */,
				5F3320722902A9AE006B989F /* ExampleModel.swift in Sources */,
				5F5F0E5E290E72BA0091CEB6 /* File.swift in Sources */,
				5F33206F2902A992006B989F /* MainViewModel.swift in Sources */,
			);
			runOnlyForDeploymentPostprocessing = 0;
		};
/* End PBXSourcesBuildPhase section */

/* Begin XCBuildConfiguration section */
		5F6A48F228FA764B004CD7C0 /* Debug */ = {
			isa = XCBuildConfiguration;
			buildSettings = {
				ALWAYS_SEARCH_USER_PATHS = NO;
				CLANG_ANALYZER_NONNULL = YES;
				CLANG_ANALYZER_NUMBER_OBJECT_CONVERSION = YES_AGGRESSIVE;
				CLANG_CXX_LANGUAGE_STANDARD = "gnu++20";
				CLANG_ENABLE_MODULES = YES;
				CLANG_ENABLE_OBJC_ARC = YES;
				CLANG_ENABLE_OBJC_WEAK = YES;
				CLANG_WARN_BLOCK_CAPTURE_AUTORELEASING = YES;
				CLANG_WARN_BOOL_CONVERSION = YES;
				CLANG_WARN_COMMA = YES;
				CLANG_WARN_CONSTANT_CONVERSION = YES;
				CLANG_WARN_DEPRECATED_OBJC_IMPLEMENTATIONS = YES;
				CLANG_WARN_DIRECT_OBJC_ISA_USAGE = YES_ERROR;
				CLANG_WARN_DOCUMENTATION_COMMENTS = YES;
				CLANG_WARN_EMPTY_BODY = YES;
				CLANG_WARN_ENUM_CONVERSION = YES;
				CLANG_WARN_INFINITE_RECURSION = YES;
				CLANG_WARN_INT_CONVERSION = YES;
				CLANG_WARN_NON_LITERAL_NULL_CONVERSION = YES;
				CLANG_WARN_OBJC_IMPLICIT_RETAIN_SELF = YES;
				CLANG_WARN_OBJC_LITERAL_CONVERSION = YES;
				CLANG_WARN_OBJC_ROOT_CLASS = YES_ERROR;
				CLANG_WARN_QUOTED_INCLUDE_IN_FRAMEWORK_HEADER = YES;
				CLANG_WARN_RANGE_LOOP_ANALYSIS = YES;
				CLANG_WARN_STRICT_PROTOTYPES = YES;
				CLANG_WARN_SUSPICIOUS_MOVE = YES;
				CLANG_WARN_UNGUARDED_AVAILABILITY = YES_AGGRESSIVE;
				CLANG_WARN_UNREACHABLE_CODE = YES;
				CLANG_WARN__DUPLICATE_METHOD_MATCH = YES;
				COPY_PHASE_STRIP = NO;
				DEBUG_INFORMATION_FORMAT = dwarf;
				ENABLE_STRICT_OBJC_MSGSEND = YES;
				ENABLE_TESTABILITY = YES;
				GCC_C_LANGUAGE_STANDARD = gnu11;
				GCC_DYNAMIC_NO_PIC = NO;
				GCC_NO_COMMON_BLOCKS = YES;
				GCC_OPTIMIZATION_LEVEL = 0;
				GCC_PREPROCESSOR_DEFINITIONS = (
					"DEBUG=1",
					"$(inherited)",
				);
				GCC_WARN_64_TO_32_BIT_CONVERSION = YES;
				GCC_WARN_ABOUT_RETURN_TYPE = YES_ERROR;
				GCC_WARN_UNDECLARED_SELECTOR = YES;
				GCC_WARN_UNINITIALIZED_AUTOS = YES_AGGRESSIVE;
				GCC_WARN_UNUSED_FUNCTION = YES;
				GCC_WARN_UNUSED_VARIABLE = YES;
				IPHONEOS_DEPLOYMENT_TARGET = 16.0;
				MTL_ENABLE_DEBUG_INFO = INCLUDE_SOURCE;
				MTL_FAST_MATH = YES;
				ONLY_ACTIVE_ARCH = YES;
				SDKROOT = iphoneos;
				SWIFT_ACTIVE_COMPILATION_CONDITIONS = DEBUG;
				SWIFT_OPTIMIZATION_LEVEL = "-Onone";
			};
			name = Debug;
		};
		5F6A48F328FA764B004CD7C0 /* Release */ = {
			isa = XCBuildConfiguration;
			buildSettings = {
				ALWAYS_SEARCH_USER_PATHS = NO;
				CLANG_ANALYZER_NONNULL = YES;
				CLANG_ANALYZER_NUMBER_OBJECT_CONVERSION = YES_AGGRESSIVE;
				CLANG_CXX_LANGUAGE_STANDARD = "gnu++20";
				CLANG_ENABLE_MODULES = YES;
				CLANG_ENABLE_OBJC_ARC = YES;
				CLANG_ENABLE_OBJC_WEAK = YES;
				CLANG_WARN_BLOCK_CAPTURE_AUTORELEASING = YES;
				CLANG_WARN_BOOL_CONVERSION = YES;
				CLANG_WARN_COMMA = YES;
				CLANG_WARN_CONSTANT_CONVERSION = YES;
				CLANG_WARN_DEPRECATED_OBJC_IMPLEMENTATIONS = YES;
				CLANG_WARN_DIRECT_OBJC_ISA_USAGE = YES_ERROR;
				CLANG_WARN_DOCUMENTATION_COMMENTS = YES;
				CLANG_WARN_EMPTY_BODY = YES;
				CLANG_WARN_ENUM_CONVERSION = YES;
				CLANG_WARN_INFINITE_RECURSION = YES;
				CLANG_WARN_INT_CONVERSION = YES;
				CLANG_WARN_NON_LITERAL_NULL_CONVERSION = YES;
				CLANG_WARN_OBJC_IMPLICIT_RETAIN_SELF = YES;
				CLANG_WARN_OBJC_LITERAL_CONVERSION = YES;
				CLANG_WARN_OBJC_ROOT_CLASS = YES_ERROR;
				CLANG_WARN_QUOTED_INCLUDE_IN_FRAMEWORK_HEADER = YES;
				CLANG_WARN_RANGE_LOOP_ANALYSIS = YES;
				CLANG_WARN_STRICT_PROTOTYPES = YES;
				CLANG_WARN_SUSPICIOUS_MOVE = YES;
				CLANG_WARN_UNGUARDED_AVAILABILITY = YES_AGGRESSIVE;
				CLANG_WARN_UNREACHABLE_CODE = YES;
				CLANG_WARN__DUPLICATE_METHOD_MATCH = YES;
				COPY_PHASE_STRIP = NO;
				DEBUG_INFORMATION_FORMAT = "dwarf-with-dsym";
				ENABLE_NS_ASSERTIONS = NO;
				ENABLE_STRICT_OBJC_MSGSEND = YES;
				GCC_C_LANGUAGE_STANDARD = gnu11;
				GCC_NO_COMMON_BLOCKS = YES;
				GCC_WARN_64_TO_32_BIT_CONVERSION = YES;
				GCC_WARN_ABOUT_RETURN_TYPE = YES_ERROR;
				GCC_WARN_UNDECLARED_SELECTOR = YES;
				GCC_WARN_UNINITIALIZED_AUTOS = YES_AGGRESSIVE;
				GCC_WARN_UNUSED_FUNCTION = YES;
				GCC_WARN_UNUSED_VARIABLE = YES;
				IPHONEOS_DEPLOYMENT_TARGET = 16.0;
				MTL_ENABLE_DEBUG_INFO = NO;
				MTL_FAST_MATH = YES;
				SDKROOT = iphoneos;
				SWIFT_COMPILATION_MODE = wholemodule;
				SWIFT_OPTIMIZATION_LEVEL = "-O";
				VALIDATE_PRODUCT = YES;
			};
			name = Release;
		};
		5F6A48F528FA764B004CD7C0 /* Debug */ = {
			isa = XCBuildConfiguration;
			buildSettings = {
				ASSETCATALOG_COMPILER_APPICON_NAME = AppIcon;
				ASSETCATALOG_COMPILER_GLOBAL_ACCENT_COLOR_NAME = AccentColor;
				CODE_SIGN_STYLE = Automatic;
				CURRENT_PROJECT_VERSION = 1;
				DEVELOPMENT_ASSET_PATHS = "\"WeHere/Preview Content\"";
				ENABLE_PREVIEWS = YES;
				GENERATE_INFOPLIST_FILE = YES;
				INFOPLIST_FILE = WeHere/Info.plist;
				INFOPLIST_KEY_UIApplicationSceneManifest_Generation = YES;
				INFOPLIST_KEY_UIApplicationSupportsIndirectInputEvents = YES;
				INFOPLIST_KEY_UILaunchScreen_Generation = YES;
				INFOPLIST_KEY_UISupportedInterfaceOrientations_iPad = "UIInterfaceOrientationPortrait UIInterfaceOrientationPortraitUpsideDown UIInterfaceOrientationLandscapeLeft UIInterfaceOrientationLandscapeRight";
				INFOPLIST_KEY_UISupportedInterfaceOrientations_iPhone = "UIInterfaceOrientationPortrait UIInterfaceOrientationLandscapeLeft UIInterfaceOrientationLandscapeRight";
				LD_RUNPATH_SEARCH_PATHS = (
					"$(inherited)",
					"@executable_path/Frameworks",
				);
				MARKETING_VERSION = 1.0;
				PRODUCT_BUNDLE_IDENTIFIER = developer.Toby.WeHere;
				PRODUCT_NAME = "$(TARGET_NAME)";
				SUPPORTED_PLATFORMS = "iphoneos iphonesimulator";
				SUPPORTS_MACCATALYST = NO;
				SUPPORTS_MAC_DESIGNED_FOR_IPHONE_IPAD = NO;
				SWIFT_EMIT_LOC_STRINGS = YES;
				SWIFT_VERSION = 5.0;
				TARGETED_DEVICE_FAMILY = 1;
			};
			name = Debug;
		};
		5F6A48F628FA764B004CD7C0 /* Release */ = {
			isa = XCBuildConfiguration;
			buildSettings = {
				ASSETCATALOG_COMPILER_APPICON_NAME = AppIcon;
				ASSETCATALOG_COMPILER_GLOBAL_ACCENT_COLOR_NAME = AccentColor;
				CODE_SIGN_STYLE = Automatic;
				CURRENT_PROJECT_VERSION = 1;
				DEVELOPMENT_ASSET_PATHS = "\"WeHere/Preview Content\"";
				ENABLE_PREVIEWS = YES;
				GENERATE_INFOPLIST_FILE = YES;
				INFOPLIST_FILE = WeHere/Info.plist;
				INFOPLIST_KEY_UIApplicationSceneManifest_Generation = YES;
				INFOPLIST_KEY_UIApplicationSupportsIndirectInputEvents = YES;
				INFOPLIST_KEY_UILaunchScreen_Generation = YES;
				INFOPLIST_KEY_UISupportedInterfaceOrientations_iPad = "UIInterfaceOrientationPortrait UIInterfaceOrientationPortraitUpsideDown UIInterfaceOrientationLandscapeLeft UIInterfaceOrientationLandscapeRight";
				INFOPLIST_KEY_UISupportedInterfaceOrientations_iPhone = "UIInterfaceOrientationPortrait UIInterfaceOrientationLandscapeLeft UIInterfaceOrientationLandscapeRight";
				LD_RUNPATH_SEARCH_PATHS = (
					"$(inherited)",
					"@executable_path/Frameworks",
				);
				MARKETING_VERSION = 1.0;
				PRODUCT_BUNDLE_IDENTIFIER = developer.Toby.WeHere;
				PRODUCT_NAME = "$(TARGET_NAME)";
				SUPPORTED_PLATFORMS = "iphoneos iphonesimulator";
				SUPPORTS_MACCATALYST = NO;
				SUPPORTS_MAC_DESIGNED_FOR_IPHONE_IPAD = NO;
				SWIFT_EMIT_LOC_STRINGS = YES;
				SWIFT_VERSION = 5.0;
				TARGETED_DEVICE_FAMILY = 1;
			};
			name = Release;
		};
/* End XCBuildConfiguration section */

/* Begin XCConfigurationList section */
		5F6A48E128FA764A004CD7C0 /* Build configuration list for PBXProject "WeHere" */ = {
			isa = XCConfigurationList;
			buildConfigurations = (
				5F6A48F228FA764B004CD7C0 /* Debug */,
				5F6A48F328FA764B004CD7C0 /* Release */,
			);
			defaultConfigurationIsVisible = 0;
			defaultConfigurationName = Release;
		};
		5F6A48F428FA764B004CD7C0 /* Build configuration list for PBXNativeTarget "WeHere" */ = {
			isa = XCConfigurationList;
			buildConfigurations = (
				5F6A48F528FA764B004CD7C0 /* Debug */,
				5F6A48F628FA764B004CD7C0 /* Release */,
			);
			defaultConfigurationIsVisible = 0;
			defaultConfigurationName = Release;
		};
/* End XCConfigurationList section */

/* Begin XCRemoteSwiftPackageReference section */
		5F7D4A8B28FC660B00FFF083 /* XCRemoteSwiftPackageReference "firebase-ios-sdk" */ = {
			isa = XCRemoteSwiftPackageReference;
			repositoryURL = "https://github.com/firebase/firebase-ios-sdk";
			requirement = {
				kind = upToNextMajorVersion;
				minimumVersion = 9.0.0;
			};
		};
/* End XCRemoteSwiftPackageReference section */

/* Begin XCSwiftPackageProductDependency section */
		5F7D4A8C28FC660C00FFF083 /* FirebaseAnalytics */ = {
			isa = XCSwiftPackageProductDependency;
			package = 5F7D4A8B28FC660B00FFF083 /* XCRemoteSwiftPackageReference "firebase-ios-sdk" */;
			productName = FirebaseAnalytics;
		};
		5F7D4A8E28FC660C00FFF083 /* FirebaseAppDistribution-Beta */ = {
			isa = XCSwiftPackageProductDependency;
			package = 5F7D4A8B28FC660B00FFF083 /* XCRemoteSwiftPackageReference "firebase-ios-sdk" */;
			productName = "FirebaseAppDistribution-Beta";
		};
		5F7D4A9028FC660C00FFF083 /* FirebaseAuth */ = {
			isa = XCSwiftPackageProductDependency;
			package = 5F7D4A8B28FC660B00FFF083 /* XCRemoteSwiftPackageReference "firebase-ios-sdk" */;
			productName = FirebaseAuth;
		};
		5F7D4A9228FC660C00FFF083 /* FirebaseDynamicLinks */ = {
			isa = XCSwiftPackageProductDependency;
			package = 5F7D4A8B28FC660B00FFF083 /* XCRemoteSwiftPackageReference "firebase-ios-sdk" */;
			productName = FirebaseDynamicLinks;
		};
		5F7D4A9428FC660C00FFF083 /* FirebaseFirestore */ = {
			isa = XCSwiftPackageProductDependency;
			package = 5F7D4A8B28FC660B00FFF083 /* XCRemoteSwiftPackageReference "firebase-ios-sdk" */;
			productName = FirebaseFirestore;
		};
		5F7D4A9628FC660C00FFF083 /* FirebaseInAppMessaging-Beta */ = {
			isa = XCSwiftPackageProductDependency;
			package = 5F7D4A8B28FC660B00FFF083 /* XCRemoteSwiftPackageReference "firebase-ios-sdk" */;
			productName = "FirebaseInAppMessaging-Beta";
		};
		5F7D4A9828FC660C00FFF083 /* FirebaseMessaging */ = {
			isa = XCSwiftPackageProductDependency;
			package = 5F7D4A8B28FC660B00FFF083 /* XCRemoteSwiftPackageReference "firebase-ios-sdk" */;
			productName = FirebaseMessaging;
		};
/* End XCSwiftPackageProductDependency section */
	};
	rootObject = 5F6A48DE28FA764A004CD7C0 /* Project object */;
}
