// !$*UTF8*$!
{
	archiveVersion = 1;
	classes = {
	};
	objectVersion = 56;
	objects = {

/* Begin PBXBuildFile section */
		5F33206D2902A984006B989F /* MainView.swift in Sources */ = {isa = PBXBuildFile; fileRef = 5F33206C2902A984006B989F /* MainView.swift */; };
		5F33206F2902A992006B989F /* MainViewModel.swift in Sources */ = {isa = PBXBuildFile; fileRef = 5F33206E2902A992006B989F /* MainViewModel.swift */; };
		5F3320752902AAC5006B989F /* ExtentionExample.swift in Sources */ = {isa = PBXBuildFile; fileRef = 5F3320742902AAC5006B989F /* ExtentionExample.swift */; };
		5F3320782902AAE3006B989F /* ManagerExample.swift in Sources */ = {isa = PBXBuildFile; fileRef = 5F3320772902AAE3006B989F /* ManagerExample.swift */; };
		5F5F0E58290E6CFC0091CEB6 /* Font+.swift in Sources */ = {isa = PBXBuildFile; fileRef = 5F5F0E57290E6CFC0091CEB6 /* Font+.swift */; };
		5F5F0E5A290E6D710091CEB6 /* SF-Pro.ttf in Resources */ = {isa = PBXBuildFile; fileRef = 5F5F0E56290E6CF10091CEB6 /* SF-Pro.ttf */; };
		5F5F0E5C290E6F330091CEB6 /* Ansungtangmyun-ESG.otf in Resources */ = {isa = PBXBuildFile; fileRef = 5F5F0E5B290E6F330091CEB6 /* Ansungtangmyun-ESG.otf */; };
		5F5F0E65290E9FC00091CEB6 /* SearchView.swift in Sources */ = {isa = PBXBuildFile; fileRef = 5F5F0E64290E9FC00091CEB6 /* SearchView.swift */; };
		5F5F0E67290EB70D0091CEB6 /* SearchResultCell.swift in Sources */ = {isa = PBXBuildFile; fileRef = 5F5F0E66290EB70D0091CEB6 /* SearchResultCell.swift */; };
		5F6196D92933EF25008E4721 /* EditProfileView.swift in Sources */ = {isa = PBXBuildFile; fileRef = 5F6196D82933EF25008E4721 /* EditProfileView.swift */; };
		5F6A48EA28FA764A004CD7C0 /* WeHereApp.swift in Sources */ = {isa = PBXBuildFile; fileRef = 5F6A48E928FA764A004CD7C0 /* WeHereApp.swift */; };
		5F6A48EC28FA764A004CD7C0 /* ContentView.swift in Sources */ = {isa = PBXBuildFile; fileRef = 5F6A48EB28FA764A004CD7C0 /* ContentView.swift */; };
		5F6A48EE28FA764B004CD7C0 /* Assets.xcassets in Resources */ = {isa = PBXBuildFile; fileRef = 5F6A48ED28FA764B004CD7C0 /* Assets.xcassets */; };
		5F6A48F128FA764B004CD7C0 /* Preview Assets.xcassets in Resources */ = {isa = PBXBuildFile; fileRef = 5F6A48F028FA764B004CD7C0 /* Preview Assets.xcassets */; };
		5F83D6492929422800CF07BF /* ProfileView.swift in Sources */ = {isa = PBXBuildFile; fileRef = 5F83D6482929422800CF07BF /* ProfileView.swift */; };
		5FA6F4CC2935489A00BDCD8B /* UINavigationController+.swift in Sources */ = {isa = PBXBuildFile; fileRef = 5FA6F4CB2935489A00BDCD8B /* UINavigationController+.swift */; };
		5FF206C829293D8F00B8B927 /* Color+.swift in Sources */ = {isa = PBXBuildFile; fileRef = 5FF206C729293D8F00B8B927 /* Color+.swift */; };
		A716C0A7291BD0E500B0614F /* ScalableButtonStyle.swift in Sources */ = {isa = PBXBuildFile; fileRef = A716C0A6291BD0E500B0614F /* ScalableButtonStyle.swift */; };
		A75B09A029162DBD00869081 /* GoogleService-Info.plist in Resources */ = {isa = PBXBuildFile; fileRef = A75B099F29162DBD00869081 /* GoogleService-Info.plist */; };
		A75B09A329164D6D00869081 /* MapView.swift in Sources */ = {isa = PBXBuildFile; fileRef = A75B09A229164D6D00869081 /* MapView.swift */; };
		A75B09A729164D7E00869081 /* MapViewModel.swift in Sources */ = {isa = PBXBuildFile; fileRef = A75B09A629164D7E00869081 /* MapViewModel.swift */; };
		A75B09A929164E7800869081 /* Place.swift in Sources */ = {isa = PBXBuildFile; fileRef = A75B09A829164E7800869081 /* Place.swift */; };
		A75B09AF291653D700869081 /* ExampleModel.swift in Sources */ = {isa = PBXBuildFile; fileRef = A75B09AE291653D700869081 /* ExampleModel.swift */; };
		A75B09B1291653DC00869081 /* Category.swift in Sources */ = {isa = PBXBuildFile; fileRef = A75B09B0291653DC00869081 /* Category.swift */; };
		A75B09B329165B0A00869081 /* MockData.swift in Sources */ = {isa = PBXBuildFile; fileRef = A75B09B229165B0A00869081 /* MockData.swift */; };
		A75B09BD2916710B00869081 /* PinView.swift in Sources */ = {isa = PBXBuildFile; fileRef = A75B09BC2916710B00869081 /* PinView.swift */; };
		A75B09BF29167A9600869081 /* PinShape.swift in Sources */ = {isa = PBXBuildFile; fileRef = A75B09BE29167A9600869081 /* PinShape.swift */; };
		A75B09C42916924500869081 /* HeartShape.swift in Sources */ = {isa = PBXBuildFile; fileRef = A75B09C32916924500869081 /* HeartShape.swift */; };
		A75B09C62916925000869081 /* HeartView.swift in Sources */ = {isa = PBXBuildFile; fileRef = A75B09C52916925000869081 /* HeartView.swift */; };
		A75B09C82916B5D600869081 /* HapticManager.swift in Sources */ = {isa = PBXBuildFile; fileRef = A75B09C72916B5D600869081 /* HapticManager.swift */; };
/* End PBXBuildFile section */

/* Begin PBXFileReference section */
		5F33206C2902A984006B989F /* MainView.swift */ = {isa = PBXFileReference; lastKnownFileType = sourcecode.swift; path = MainView.swift; sourceTree = "<group>"; };
		5F33206E2902A992006B989F /* MainViewModel.swift */ = {isa = PBXFileReference; lastKnownFileType = sourcecode.swift; path = MainViewModel.swift; sourceTree = "<group>"; };
		5F3320742902AAC5006B989F /* ExtentionExample.swift */ = {isa = PBXFileReference; lastKnownFileType = sourcecode.swift; path = ExtentionExample.swift; sourceTree = "<group>"; };
		5F3320772902AAE3006B989F /* ManagerExample.swift */ = {isa = PBXFileReference; lastKnownFileType = sourcecode.swift; path = ManagerExample.swift; sourceTree = "<group>"; };
		5F5F0E56290E6CF10091CEB6 /* SF-Pro.ttf */ = {isa = PBXFileReference; lastKnownFileType = file; path = "SF-Pro.ttf"; sourceTree = "<group>"; };
		5F5F0E57290E6CFC0091CEB6 /* Font+.swift */ = {isa = PBXFileReference; lastKnownFileType = sourcecode.swift; path = "Font+.swift"; sourceTree = "<group>"; };
		5F5F0E59290E6D2D0091CEB6 /* Info.plist */ = {isa = PBXFileReference; lastKnownFileType = text.plist; path = Info.plist; sourceTree = "<group>"; };
		5F5F0E5B290E6F330091CEB6 /* Ansungtangmyun-ESG.otf */ = {isa = PBXFileReference; lastKnownFileType = file; path = "Ansungtangmyun-ESG.otf"; sourceTree = "<group>"; };
		5F5F0E64290E9FC00091CEB6 /* SearchView.swift */ = {isa = PBXFileReference; lastKnownFileType = sourcecode.swift; path = SearchView.swift; sourceTree = "<group>"; };
		5F5F0E66290EB70D0091CEB6 /* SearchResultCell.swift */ = {isa = PBXFileReference; lastKnownFileType = sourcecode.swift; path = SearchResultCell.swift; sourceTree = "<group>"; };
		5F6196D82933EF25008E4721 /* EditProfileView.swift */ = {isa = PBXFileReference; lastKnownFileType = sourcecode.swift; path = EditProfileView.swift; sourceTree = "<group>"; };
		5F6A48E628FA764A004CD7C0 /* WeHere.app */ = {isa = PBXFileReference; explicitFileType = wrapper.application; includeInIndex = 0; path = WeHere.app; sourceTree = BUILT_PRODUCTS_DIR; };
		5F6A48E928FA764A004CD7C0 /* WeHereApp.swift */ = {isa = PBXFileReference; lastKnownFileType = sourcecode.swift; path = WeHereApp.swift; sourceTree = "<group>"; };
		5F6A48EB28FA764A004CD7C0 /* ContentView.swift */ = {isa = PBXFileReference; lastKnownFileType = sourcecode.swift; path = ContentView.swift; sourceTree = "<group>"; };
		5F6A48ED28FA764B004CD7C0 /* Assets.xcassets */ = {isa = PBXFileReference; lastKnownFileType = folder.assetcatalog; path = Assets.xcassets; sourceTree = "<group>"; };
		5F6A48F028FA764B004CD7C0 /* Preview Assets.xcassets */ = {isa = PBXFileReference; lastKnownFileType = folder.assetcatalog; path = "Preview Assets.xcassets"; sourceTree = "<group>"; };
		5F83D6482929422800CF07BF /* ProfileView.swift */ = {isa = PBXFileReference; fileEncoding = 4; lastKnownFileType = sourcecode.swift; path = ProfileView.swift; sourceTree = "<group>"; };
		5FA6F4CB2935489A00BDCD8B /* UINavigationController+.swift */ = {isa = PBXFileReference; lastKnownFileType = sourcecode.swift; path = "UINavigationController+.swift"; sourceTree = "<group>"; };
		5FF206C729293D8F00B8B927 /* Color+.swift */ = {isa = PBXFileReference; fileEncoding = 4; lastKnownFileType = sourcecode.swift; path = "Color+.swift"; sourceTree = "<group>"; };
		A716C0A6291BD0E500B0614F /* ScalableButtonStyle.swift */ = {isa = PBXFileReference; lastKnownFileType = sourcecode.swift; path = ScalableButtonStyle.swift; sourceTree = "<group>"; };
		A75B099F29162DBD00869081 /* GoogleService-Info.plist */ = {isa = PBXFileReference; fileEncoding = 4; lastKnownFileType = text.plist.xml; path = "GoogleService-Info.plist"; sourceTree = "<group>"; };
		A75B09A229164D6D00869081 /* MapView.swift */ = {isa = PBXFileReference; lastKnownFileType = sourcecode.swift; path = MapView.swift; sourceTree = "<group>"; };
		A75B09A629164D7E00869081 /* MapViewModel.swift */ = {isa = PBXFileReference; lastKnownFileType = sourcecode.swift; path = MapViewModel.swift; sourceTree = "<group>"; };
		A75B09A829164E7800869081 /* Place.swift */ = {isa = PBXFileReference; lastKnownFileType = sourcecode.swift; path = Place.swift; sourceTree = "<group>"; };
		A75B09AE291653D700869081 /* ExampleModel.swift */ = {isa = PBXFileReference; fileEncoding = 4; lastKnownFileType = sourcecode.swift; path = ExampleModel.swift; sourceTree = "<group>"; };
		A75B09B0291653DC00869081 /* Category.swift */ = {isa = PBXFileReference; lastKnownFileType = sourcecode.swift; path = Category.swift; sourceTree = "<group>"; };
		A75B09B229165B0A00869081 /* MockData.swift */ = {isa = PBXFileReference; lastKnownFileType = sourcecode.swift; path = MockData.swift; sourceTree = "<group>"; };
		A75B09BC2916710B00869081 /* PinView.swift */ = {isa = PBXFileReference; lastKnownFileType = sourcecode.swift; path = PinView.swift; sourceTree = "<group>"; };
		A75B09BE29167A9600869081 /* PinShape.swift */ = {isa = PBXFileReference; lastKnownFileType = sourcecode.swift; path = PinShape.swift; sourceTree = "<group>"; };
		A75B09C32916924500869081 /* HeartShape.swift */ = {isa = PBXFileReference; lastKnownFileType = sourcecode.swift; path = HeartShape.swift; sourceTree = "<group>"; };
		A75B09C52916925000869081 /* HeartView.swift */ = {isa = PBXFileReference; lastKnownFileType = sourcecode.swift; path = HeartView.swift; sourceTree = "<group>"; };
		A75B09C72916B5D600869081 /* HapticManager.swift */ = {isa = PBXFileReference; lastKnownFileType = sourcecode.swift; path = HapticManager.swift; sourceTree = "<group>"; };
/* End PBXFileReference section */

/* Begin PBXFrameworksBuildPhase section */
		5F6A48E328FA764A004CD7C0 /* Frameworks */ = {
			isa = PBXFrameworksBuildPhase;
			buildActionMask = 2147483647;
			files = (
			);
			runOnlyForDeploymentPostprocessing = 0;
		};
/* End PBXFrameworksBuildPhase section */

/* Begin PBXGroup section */
		5F33206A2902A963006B989F /* Views&ViewModels */ = {
			isa = PBXGroup;
			children = (
				A75B09B82916655D00869081 /* Components */,
				A75B09A129164D6300869081 /* Map */,
				5F33206B2902A974006B989F /* Main */,
			);
			path = "Views&ViewModels";
			sourceTree = "<group>";
		};
		5F33206B2902A974006B989F /* Main */ = {
			isa = PBXGroup;
			children = (
				5F83D6472929421000CF07BF /* Profile */,
				5F5F0E63290E9FB20091CEB6 /* Search */,
				5F33206C2902A984006B989F /* MainView.swift */,
				5F33206E2902A992006B989F /* MainViewModel.swift */,
			);
			path = Main;
			sourceTree = "<group>";
		};
		5F3320702902A997006B989F /* Models */ = {
			isa = PBXGroup;
			children = (
				A75B09AE291653D700869081 /* ExampleModel.swift */,
				A75B09A829164E7800869081 /* Place.swift */,
				A75B09B0291653DC00869081 /* Category.swift */,
				A75B09B229165B0A00869081 /* MockData.swift */,
			);
			path = Models;
			sourceTree = "<group>";
		};
		5F3320732902AAAA006B989F /* Extensions */ = {
			isa = PBXGroup;
			children = (
				5F3320742902AAC5006B989F /* ExtentionExample.swift */,
				5F5F0E57290E6CFC0091CEB6 /* Font+.swift */,
				5FF206C729293D8F00B8B927 /* Color+.swift */,
				5FA6F4CB2935489A00BDCD8B /* UINavigationController+.swift */,
			);
			path = Extensions;
			sourceTree = "<group>";
		};
		5F3320762902AACE006B989F /* Managers */ = {
			isa = PBXGroup;
			children = (
				5F3320772902AAE3006B989F /* ManagerExample.swift */,
				A75B09C72916B5D600869081 /* HapticManager.swift */,
			);
			path = Managers;
			sourceTree = "<group>";
		};
		5F3320792902AAEC006B989F /* Fonts */ = {
			isa = PBXGroup;
			children = (
				5F5F0E5B290E6F330091CEB6 /* Ansungtangmyun-ESG.otf */,
				5F5F0E56290E6CF10091CEB6 /* SF-Pro.ttf */,
			);
			path = Fonts;
			sourceTree = "<group>";
		};
		5F5F0E63290E9FB20091CEB6 /* Search */ = {
			isa = PBXGroup;
			children = (
				5F5F0E64290E9FC00091CEB6 /* SearchView.swift */,
				5F5F0E66290EB70D0091CEB6 /* SearchResultCell.swift */,
			);
			path = Search;
			sourceTree = "<group>";
		};
		5F6A48DD28FA764A004CD7C0 = {
			isa = PBXGroup;
			children = (
				5F6A48E828FA764A004CD7C0 /* WeHere */,
				5F6A48E728FA764A004CD7C0 /* Products */,
			);
			sourceTree = "<group>";
		};
		5F6A48E728FA764A004CD7C0 /* Products */ = {
			isa = PBXGroup;
			children = (
				5F6A48E628FA764A004CD7C0 /* WeHere.app */,
			);
			name = Products;
			sourceTree = "<group>";
		};
		5F6A48E828FA764A004CD7C0 /* WeHere */ = {
			isa = PBXGroup;
			children = (
				5F5F0E59290E6D2D0091CEB6 /* Info.plist */,
				5F3320792902AAEC006B989F /* Fonts */,
				5F3320762902AACE006B989F /* Managers */,
				5F3320732902AAAA006B989F /* Extensions */,
				5F3320702902A997006B989F /* Models */,
				5F33206A2902A963006B989F /* Views&ViewModels */,
				5F6A48E928FA764A004CD7C0 /* WeHereApp.swift */,
				5F6A48EB28FA764A004CD7C0 /* ContentView.swift */,
				A75B099F29162DBD00869081 /* GoogleService-Info.plist */,
				5F6A48ED28FA764B004CD7C0 /* Assets.xcassets */,
				5F6A48EF28FA764B004CD7C0 /* Preview Content */,
			);
			path = WeHere;
			sourceTree = "<group>";
		};
		5F6A48EF28FA764B004CD7C0 /* Preview Content */ = {
			isa = PBXGroup;
			children = (
				5F6A48F028FA764B004CD7C0 /* Preview Assets.xcassets */,
			);
			path = "Preview Content";
			sourceTree = "<group>";
		};
		5F83D6472929421000CF07BF /* Profile */ = {
			isa = PBXGroup;
			children = (
				5F83D6482929422800CF07BF /* ProfileView.swift */,
				5F6196D82933EF25008E4721 /* EditProfileView.swift */,
			);
			path = Profile;
			sourceTree = "<group>";
		};
		A716C0A5291BD0D000B0614F /* Button */ = {
			isa = PBXGroup;
			children = (
				A716C0A6291BD0E500B0614F /* ScalableButtonStyle.swift */,
			);
			path = Button;
			sourceTree = "<group>";
		};
		A75B09A129164D6300869081 /* Map */ = {
			isa = PBXGroup;
			children = (
				A75B09A229164D6D00869081 /* MapView.swift */,
				A75B09A629164D7E00869081 /* MapViewModel.swift */,
			);
			path = Map;
			sourceTree = "<group>";
		};
		A75B09B82916655D00869081 /* Components */ = {
			isa = PBXGroup;
			children = (
				A716C0A5291BD0D000B0614F /* Button */,
				A75B09C22916923200869081 /* HeartView */,
				A75B09B92916656500869081 /* Pin */,
			);
			path = Components;
			sourceTree = "<group>";
		};
		A75B09B92916656500869081 /* Pin */ = {
			isa = PBXGroup;
			children = (
				A75B09BC2916710B00869081 /* PinView.swift */,
				A75B09BE29167A9600869081 /* PinShape.swift */,
			);
			path = Pin;
			sourceTree = "<group>";
		};
		A75B09C22916923200869081 /* HeartView */ = {
			isa = PBXGroup;
			children = (
				A75B09C32916924500869081 /* HeartShape.swift */,
				A75B09C52916925000869081 /* HeartView.swift */,
			);
			path = HeartView;
			sourceTree = "<group>";
		};
/* End PBXGroup section */

/* Begin PBXNativeTarget section */
		5F6A48E528FA764A004CD7C0 /* WeHere */ = {
			isa = PBXNativeTarget;
			buildConfigurationList = 5F6A48F428FA764B004CD7C0 /* Build configuration list for PBXNativeTarget "WeHere" */;
			buildPhases = (
				5F6A48E228FA764A004CD7C0 /* Sources */,
				5F6A48E328FA764A004CD7C0 /* Frameworks */,
				5F6A48E428FA764A004CD7C0 /* Resources */,
				5F7D4A8828FC54F000FFF083 /* SwiftLint */,
			);
			buildRules = (
			);
			dependencies = (
			);
			name = WeHere;
			packageProductDependencies = (
			);
			productName = WeHere;
			productReference = 5F6A48E628FA764A004CD7C0 /* WeHere.app */;
			productType = "com.apple.product-type.application";
		};
/* End PBXNativeTarget section */

/* Begin PBXProject section */
		5F6A48DE28FA764A004CD7C0 /* Project object */ = {
			isa = PBXProject;
			attributes = {
				BuildIndependentTargetsInParallel = 1;
				LastSwiftUpdateCheck = 1400;
				LastUpgradeCheck = 1400;
				TargetAttributes = {
					5F6A48E528FA764A004CD7C0 = {
						CreatedOnToolsVersion = 14.0.1;
					};
				};
			};
			buildConfigurationList = 5F6A48E128FA764A004CD7C0 /* Build configuration list for PBXProject "WeHere" */;
			compatibilityVersion = "Xcode 14.0";
			developmentRegion = en;
			hasScannedForEncodings = 0;
			knownRegions = (
				en,
				Base,
			);
			mainGroup = 5F6A48DD28FA764A004CD7C0;
			packageReferences = (
			);
			productRefGroup = 5F6A48E728FA764A004CD7C0 /* Products */;
			projectDirPath = "";
			projectRoot = "";
			targets = (
				5F6A48E528FA764A004CD7C0 /* WeHere */,
			);
		};
/* End PBXProject section */

/* Begin PBXResourcesBuildPhase section */
		5F6A48E428FA764A004CD7C0 /* Resources */ = {
			isa = PBXResourcesBuildPhase;
			buildActionMask = 2147483647;
			files = (
				5F6A48F128FA764B004CD7C0 /* Preview Assets.xcassets in Resources */,
				5F5F0E5C290E6F330091CEB6 /* Ansungtangmyun-ESG.otf in Resources */,
				5F5F0E5A290E6D710091CEB6 /* SF-Pro.ttf in Resources */,
				5F6A48EE28FA764B004CD7C0 /* Assets.xcassets in Resources */,
				A75B09A029162DBD00869081 /* GoogleService-Info.plist in Resources */,
			);
			runOnlyForDeploymentPostprocessing = 0;
		};
/* End PBXResourcesBuildPhase section */

/* Begin PBXShellScriptBuildPhase section */
		5F7D4A8828FC54F000FFF083 /* SwiftLint */ = {
			isa = PBXShellScriptBuildPhase;
			alwaysOutOfDate = 1;
			buildActionMask = 2147483647;
			files = (
			);
			inputFileListPaths = (
			);
			inputPaths = (
			);
			name = SwiftLint;
			outputFileListPaths = (
			);
			outputPaths = (
			);
			runOnlyForDeploymentPostprocessing = 0;
			shellPath = /bin/sh;
			shellScript = "if test -d \"/opt/homebrew/bin/\"; then\n  PATH=\"/opt/homebrew/bin/:${PATH}\"\nfi\n\nif test -d \"$HOME/.mint/bin\"; then\n  PATH=\"$HOME/.mint/bin:${PATH}\"\nfi\n\nexport PATH\n\nif which swiftlint >/dev/null; then\n  swiftlint\nelse\n  echo \"warning: SwiftLint not installed, run setup.sh (or download from https://github.com/realm/SwiftLint)\"\nfi\n";
		};
/* End PBXShellScriptBuildPhase section */

/* Begin PBXSourcesBuildPhase section */
		5F6A48E228FA764A004CD7C0 /* Sources */ = {
			isa = PBXSourcesBuildPhase;
			buildActionMask = 2147483647;
			files = (
				5F5F0E65290E9FC00091CEB6 /* SearchView.swift in Sources */,
				5F5F0E58290E6CFC0091CEB6 /* Font+.swift in Sources */,
				A75B09C42916924500869081 /* HeartShape.swift in Sources */,
				5F6A48EC28FA764A004CD7C0 /* ContentView.swift in Sources */,
				A75B09B329165B0A00869081 /* MockData.swift in Sources */,
				A75B09C82916B5D600869081 /* HapticManager.swift in Sources */,
				A75B09A329164D6D00869081 /* MapView.swift in Sources */,
				5F33206D2902A984006B989F /* MainView.swift in Sources */,
				A75B09C62916925000869081 /* HeartView.swift in Sources */,
				A75B09A929164E7800869081 /* Place.swift in Sources */,
				5F6A48EA28FA764A004CD7C0 /* WeHereApp.swift in Sources */,
				5F6196D92933EF25008E4721 /* EditProfileView.swift in Sources */,
				A75B09BD2916710B00869081 /* PinView.swift in Sources */,
				A716C0A7291BD0E500B0614F /* ScalableButtonStyle.swift in Sources */,
				5F3320782902AAE3006B989F /* ManagerExample.swift in Sources */,
				5F3320752902AAC5006B989F /* ExtentionExample.swift in Sources */,
				5F5F0E67290EB70D0091CEB6 /* SearchResultCell.swift in Sources */,
				5F33206F2902A992006B989F /* MainViewModel.swift in Sources */,
				5F83D6492929422800CF07BF /* ProfileView.swift in Sources */,
				A75B09A729164D7E00869081 /* MapViewModel.swift in Sources */,
				A75B09AF291653D700869081 /* ExampleModel.swift in Sources */,
				5FA6F4CC2935489A00BDCD8B /* UINavigationController+.swift in Sources */,
				5FF206C829293D8F00B8B927 /* Color+.swift in Sources */,
				A75B09B1291653DC00869081 /* Category.swift in Sources */,
				A75B09BF29167A9600869081 /* PinShape.swift in Sources */,
			);
			runOnlyForDeploymentPostprocessing = 0;
		};
/* End PBXSourcesBuildPhase section */

/* Begin XCBuildConfiguration section */
		5F6A48F228FA764B004CD7C0 /* Debug */ = {
			isa = XCBuildConfiguration;
			buildSettings = {
				ALWAYS_SEARCH_USER_PATHS = NO;
				CLANG_ANALYZER_NONNULL = YES;
				CLANG_ANALYZER_NUMBER_OBJECT_CONVERSION = YES_AGGRESSIVE;
				CLANG_CXX_LANGUAGE_STANDARD = "gnu++20";
				CLANG_ENABLE_MODULES = YES;
				CLANG_ENABLE_OBJC_ARC = YES;
				CLANG_ENABLE_OBJC_WEAK = YES;
				CLANG_WARN_BLOCK_CAPTURE_AUTORELEASING = YES;
				CLANG_WARN_BOOL_CONVERSION = YES;
				CLANG_WARN_COMMA = YES;
				CLANG_WARN_CONSTANT_CONVERSION = YES;
				CLANG_WARN_DEPRECATED_OBJC_IMPLEMENTATIONS = YES;
				CLANG_WARN_DIRECT_OBJC_ISA_USAGE = YES_ERROR;
				CLANG_WARN_DOCUMENTATION_COMMENTS = YES;
				CLANG_WARN_EMPTY_BODY = YES;
				CLANG_WARN_ENUM_CONVERSION = YES;
				CLANG_WARN_INFINITE_RECURSION = YES;
				CLANG_WARN_INT_CONVERSION = YES;
				CLANG_WARN_NON_LITERAL_NULL_CONVERSION = YES;
				CLANG_WARN_OBJC_IMPLICIT_RETAIN_SELF = YES;
				CLANG_WARN_OBJC_LITERAL_CONVERSION = YES;
				CLANG_WARN_OBJC_ROOT_CLASS = YES_ERROR;
				CLANG_WARN_QUOTED_INCLUDE_IN_FRAMEWORK_HEADER = YES;
				CLANG_WARN_RANGE_LOOP_ANALYSIS = YES;
				CLANG_WARN_STRICT_PROTOTYPES = YES;
				CLANG_WARN_SUSPICIOUS_MOVE = YES;
				CLANG_WARN_UNGUARDED_AVAILABILITY = YES_AGGRESSIVE;
				CLANG_WARN_UNREACHABLE_CODE = YES;
				CLANG_WARN__DUPLICATE_METHOD_MATCH = YES;
				COPY_PHASE_STRIP = NO;
				DEBUG_INFORMATION_FORMAT = dwarf;
				ENABLE_STRICT_OBJC_MSGSEND = YES;
				ENABLE_TESTABILITY = YES;
				GCC_C_LANGUAGE_STANDARD = gnu11;
				GCC_DYNAMIC_NO_PIC = NO;
				GCC_NO_COMMON_BLOCKS = YES;
				GCC_OPTIMIZATION_LEVEL = 0;
				GCC_PREPROCESSOR_DEFINITIONS = (
					"DEBUG=1",
					"$(inherited)",
				);
				GCC_WARN_64_TO_32_BIT_CONVERSION = YES;
				GCC_WARN_ABOUT_RETURN_TYPE = YES_ERROR;
				GCC_WARN_UNDECLARED_SELECTOR = YES;
				GCC_WARN_UNINITIALIZED_AUTOS = YES_AGGRESSIVE;
				GCC_WARN_UNUSED_FUNCTION = YES;
				GCC_WARN_UNUSED_VARIABLE = YES;
				IPHONEOS_DEPLOYMENT_TARGET = 16.0;
				MTL_ENABLE_DEBUG_INFO = INCLUDE_SOURCE;
				MTL_FAST_MATH = YES;
				ONLY_ACTIVE_ARCH = YES;
				SDKROOT = iphoneos;
				SWIFT_ACTIVE_COMPILATION_CONDITIONS = DEBUG;
				SWIFT_OPTIMIZATION_LEVEL = "-Onone";
			};
			name = Debug;
		};
		5F6A48F328FA764B004CD7C0 /* Release */ = {
			isa = XCBuildConfiguration;
			buildSettings = {
				ALWAYS_SEARCH_USER_PATHS = NO;
				CLANG_ANALYZER_NONNULL = YES;
				CLANG_ANALYZER_NUMBER_OBJECT_CONVERSION = YES_AGGRESSIVE;
				CLANG_CXX_LANGUAGE_STANDARD = "gnu++20";
				CLANG_ENABLE_MODULES = YES;
				CLANG_ENABLE_OBJC_ARC = YES;
				CLANG_ENABLE_OBJC_WEAK = YES;
				CLANG_WARN_BLOCK_CAPTURE_AUTORELEASING = YES;
				CLANG_WARN_BOOL_CONVERSION = YES;
				CLANG_WARN_COMMA = YES;
				CLANG_WARN_CONSTANT_CONVERSION = YES;
				CLANG_WARN_DEPRECATED_OBJC_IMPLEMENTATIONS = YES;
				CLANG_WARN_DIRECT_OBJC_ISA_USAGE = YES_ERROR;
				CLANG_WARN_DOCUMENTATION_COMMENTS = YES;
				CLANG_WARN_EMPTY_BODY = YES;
				CLANG_WARN_ENUM_CONVERSION = YES;
				CLANG_WARN_INFINITE_RECURSION = YES;
				CLANG_WARN_INT_CONVERSION = YES;
				CLANG_WARN_NON_LITERAL_NULL_CONVERSION = YES;
				CLANG_WARN_OBJC_IMPLICIT_RETAIN_SELF = YES;
				CLANG_WARN_OBJC_LITERAL_CONVERSION = YES;
				CLANG_WARN_OBJC_ROOT_CLASS = YES_ERROR;
				CLANG_WARN_QUOTED_INCLUDE_IN_FRAMEWORK_HEADER = YES;
				CLANG_WARN_RANGE_LOOP_ANALYSIS = YES;
				CLANG_WARN_STRICT_PROTOTYPES = YES;
				CLANG_WARN_SUSPICIOUS_MOVE = YES;
				CLANG_WARN_UNGUARDED_AVAILABILITY = YES_AGGRESSIVE;
				CLANG_WARN_UNREACHABLE_CODE = YES;
				CLANG_WARN__DUPLICATE_METHOD_MATCH = YES;
				COPY_PHASE_STRIP = NO;
				DEBUG_INFORMATION_FORMAT = "dwarf-with-dsym";
				ENABLE_NS_ASSERTIONS = NO;
				ENABLE_STRICT_OBJC_MSGSEND = YES;
				GCC_C_LANGUAGE_STANDARD = gnu11;
				GCC_NO_COMMON_BLOCKS = YES;
				GCC_WARN_64_TO_32_BIT_CONVERSION = YES;
				GCC_WARN_ABOUT_RETURN_TYPE = YES_ERROR;
				GCC_WARN_UNDECLARED_SELECTOR = YES;
				GCC_WARN_UNINITIALIZED_AUTOS = YES_AGGRESSIVE;
				GCC_WARN_UNUSED_FUNCTION = YES;
				GCC_WARN_UNUSED_VARIABLE = YES;
				IPHONEOS_DEPLOYMENT_TARGET = 16.0;
				MTL_ENABLE_DEBUG_INFO = NO;
				MTL_FAST_MATH = YES;
				SDKROOT = iphoneos;
				SWIFT_COMPILATION_MODE = wholemodule;
				SWIFT_OPTIMIZATION_LEVEL = "-O";
				VALIDATE_PRODUCT = YES;
			};
			name = Release;
		};
		5F6A48F528FA764B004CD7C0 /* Debug */ = {
			isa = XCBuildConfiguration;
			buildSettings = {
				ASSETCATALOG_COMPILER_APPICON_NAME = AppIcon;
				ASSETCATALOG_COMPILER_GLOBAL_ACCENT_COLOR_NAME = AccentColor;
				CODE_SIGN_STYLE = Automatic;
				CURRENT_PROJECT_VERSION = 1;
				DEVELOPMENT_ASSET_PATHS = "\"WeHere/Preview Content\"";
				DEVELOPMENT_TEAM = "";
				ENABLE_PREVIEWS = YES;
				GENERATE_INFOPLIST_FILE = YES;
				INFOPLIST_FILE = WeHere/Info.plist;
				INFOPLIST_KEY_NSLocationWhenInUseUsageDescription = "";
				INFOPLIST_KEY_UIApplicationSceneManifest_Generation = YES;
				INFOPLIST_KEY_UIApplicationSupportsIndirectInputEvents = YES;
				INFOPLIST_KEY_UILaunchScreen_Generation = YES;
				INFOPLIST_KEY_UISupportedInterfaceOrientations_iPad = "UIInterfaceOrientationPortrait UIInterfaceOrientationPortraitUpsideDown UIInterfaceOrientationLandscapeLeft UIInterfaceOrientationLandscapeRight";
				INFOPLIST_KEY_UISupportedInterfaceOrientations_iPhone = "UIInterfaceOrientationPortrait UIInterfaceOrientationLandscapeLeft UIInterfaceOrientationLandscapeRight";
				LD_RUNPATH_SEARCH_PATHS = (
					"$(inherited)",
					"@executable_path/Frameworks",
				);
				MARKETING_VERSION = 1.0;
				PRODUCT_BUNDLE_IDENTIFIER = developer.Toby.WeHere;
				PRODUCT_NAME = "$(TARGET_NAME)";
				SUPPORTED_PLATFORMS = "iphoneos iphonesimulator";
				SUPPORTS_MACCATALYST = NO;
				SUPPORTS_MAC_DESIGNED_FOR_IPHONE_IPAD = NO;
				SWIFT_EMIT_LOC_STRINGS = YES;
				SWIFT_VERSION = 5.0;
				TARGETED_DEVICE_FAMILY = 1;
			};
			name = Debug;
		};
		5F6A48F628FA764B004CD7C0 /* Release */ = {
			isa = XCBuildConfiguration;
			buildSettings = {
				ASSETCATALOG_COMPILER_APPICON_NAME = AppIcon;
				ASSETCATALOG_COMPILER_GLOBAL_ACCENT_COLOR_NAME = AccentColor;
				CODE_SIGN_STYLE = Automatic;
				CURRENT_PROJECT_VERSION = 1;
				DEVELOPMENT_ASSET_PATHS = "\"WeHere/Preview Content\"";
				DEVELOPMENT_TEAM = "";
				ENABLE_PREVIEWS = YES;
				GENERATE_INFOPLIST_FILE = YES;
				INFOPLIST_FILE = WeHere/Info.plist;
				INFOPLIST_KEY_NSLocationWhenInUseUsageDescription = "";
				INFOPLIST_KEY_UIApplicationSceneManifest_Generation = YES;
				INFOPLIST_KEY_UIApplicationSupportsIndirectInputEvents = YES;
				INFOPLIST_KEY_UILaunchScreen_Generation = YES;
				INFOPLIST_KEY_UISupportedInterfaceOrientations_iPad = "UIInterfaceOrientationPortrait UIInterfaceOrientationPortraitUpsideDown UIInterfaceOrientationLandscapeLeft UIInterfaceOrientationLandscapeRight";
				INFOPLIST_KEY_UISupportedInterfaceOrientations_iPhone = "UIInterfaceOrientationPortrait UIInterfaceOrientationLandscapeLeft UIInterfaceOrientationLandscapeRight";
				LD_RUNPATH_SEARCH_PATHS = (
					"$(inherited)",
					"@executable_path/Frameworks",
				);
				MARKETING_VERSION = 1.0;
				PRODUCT_BUNDLE_IDENTIFIER = developer.Toby.WeHere;
				PRODUCT_NAME = "$(TARGET_NAME)";
				SUPPORTED_PLATFORMS = "iphoneos iphonesimulator";
				SUPPORTS_MACCATALYST = NO;
				SUPPORTS_MAC_DESIGNED_FOR_IPHONE_IPAD = NO;
				SWIFT_EMIT_LOC_STRINGS = YES;
				SWIFT_VERSION = 5.0;
				TARGETED_DEVICE_FAMILY = 1;
			};
			name = Release;
		};
/* End XCBuildConfiguration section */

/* Begin XCConfigurationList section */
		5F6A48E128FA764A004CD7C0 /* Build configuration list for PBXProject "WeHere" */ = {
			isa = XCConfigurationList;
			buildConfigurations = (
				5F6A48F228FA764B004CD7C0 /* Debug */,
				5F6A48F328FA764B004CD7C0 /* Release */,
			);
			defaultConfigurationIsVisible = 0;
			defaultConfigurationName = Release;
		};
		5F6A48F428FA764B004CD7C0 /* Build configuration list for PBXNativeTarget "WeHere" */ = {
			isa = XCConfigurationList;
			buildConfigurations = (
				5F6A48F528FA764B004CD7C0 /* Debug */,
				5F6A48F628FA764B004CD7C0 /* Release */,
			);
			defaultConfigurationIsVisible = 0;
			defaultConfigurationName = Release;
		};
/* End XCConfigurationList section */
	};
	rootObject = 5F6A48DE28FA764A004CD7C0 /* Project object */;
}
